
Microsoft Visual Studio Solution File, Format Version 12.00
# Visual Studio 15
VisualStudioVersion = 15.0.28010.2050
MinimumVisualStudioVersion = 10.0.40219.1
Project("{FAE04EC0-301F-11D3-BF4B-00C04F79EFBC}") = "OddAlert", "OddAlert\OddAlert.csproj", "{9C2E755A-8262-4335-9A5F-D66C90BBB079}"
EndProject
Global
	GlobalSection(SolutionConfigurationPlatforms) = preSolution
		Debug|Any CPU = Debug|Any CPU
		Release|Any CPU = Release|Any CPU
	EndGlobalSection
	GlobalSection(ProjectConfigurationPlatforms) = postSolution
		{9C2E755A-8262-4335-9A5F-D66C90BBB079}.Debug|Any CPU.ActiveCfg = Debug|Any CPU
		{9C2E755A-8262-4335-9A5F-D66C90BBB079}.Debug|Any CPU.Build.0 = Debug|Any CPU
		{9C2E755A-8262-4335-9A5F-D66C90BBB079}.Release|Any CPU.ActiveCfg = Release|Any CPU
		{9C2E755A-8262-4335-9A5F-D66C90BBB079}.Release|Any CPU.Build.0 = Release|Any CPU
	EndGlobalSection
	GlobalSection(SolutionProperties) = preSolution
		HideSolutionNode = FALSE
	EndGlobalSection
	GlobalSection(ExtensibilityGlobals) = postSolution
		SolutionGuid = {13923C10-C04E-470F-9A47-CB91469A4C2E}
	EndGlobalSection
EndGlobal
